
Microsoft Visual Studio Solution File, Format Version 12.00
# Visual Studio 14
VisualStudioVersion = 14.0.24720.0
MinimumVisualStudioVersion = 10.0.40219.1
Project("{FAE04EC0-301F-11D3-BF4B-00C04F79EFBC}") = "RelationshipView", "QuickGraph\RelationshipView.csproj", "{FA81277D-5CFC-4EED-8308-31C4C2D8E5DE}"
EndProject
Project("{FAE04EC0-301F-11D3-BF4B-00C04F79EFBC}") = "DemoApp", "DemoApp\DemoApp.csproj", "{FDC648CC-F763-4E5B-8C58-4B7A8A9A440F}"
EndProject
Project("{2150E333-8FDC-42A3-9474-1A3956D46DE8}") = "Solution Items", "Solution Items", "{DFB1254D-FA30-46DC-B18B-5DC20CE3591D}"
	ProjectSection(SolutionItems) = preProject
		Info.txt = Info.txt
	EndProjectSection
EndProject
Project("{FAE04EC0-301F-11D3-BF4B-00C04F79EFBC}") = "ODISDataBridge", "ODISDataBridge\ODISDataBridge.csproj", "{7CA147D4-EA46-482C-A85E-C5506F633BA0}"
EndProject
Project("{FAE04EC0-301F-11D3-BF4B-00C04F79EFBC}") = "Contracts", "Contracts\Contracts.csproj", "{DB6D385B-79C1-43A4-855B-96015453F40A}"
EndProject
Project("{FAE04EC0-301F-11D3-BF4B-00C04F79EFBC}") = "DevDataBridge", "DevDataBridge\DevDataBridge.csproj", "{8C7753E8-DB0D-42AD-A664-2A2E1BFB927E}"
EndProject
Global
	GlobalSection(SolutionConfigurationPlatforms) = preSolution
		Debug|Any CPU = Debug|Any CPU
		Release|Any CPU = Release|Any CPU
	EndGlobalSection
	GlobalSection(ProjectConfigurationPlatforms) = postSolution
		{FA81277D-5CFC-4EED-8308-31C4C2D8E5DE}.Debug|Any CPU.ActiveCfg = Debug|Any CPU
		{FA81277D-5CFC-4EED-8308-31C4C2D8E5DE}.Debug|Any CPU.Build.0 = Debug|Any CPU
		{FA81277D-5CFC-4EED-8308-31C4C2D8E5DE}.Release|Any CPU.ActiveCfg = Release|Any CPU
		{FA81277D-5CFC-4EED-8308-31C4C2D8E5DE}.Release|Any CPU.Build.0 = Release|Any CPU
		{FDC648CC-F763-4E5B-8C58-4B7A8A9A440F}.Debug|Any CPU.ActiveCfg = Debug|Any CPU
		{FDC648CC-F763-4E5B-8C58-4B7A8A9A440F}.Debug|Any CPU.Build.0 = Debug|Any CPU
		{FDC648CC-F763-4E5B-8C58-4B7A8A9A440F}.Release|Any CPU.ActiveCfg = Release|Any CPU
		{FDC648CC-F763-4E5B-8C58-4B7A8A9A440F}.Release|Any CPU.Build.0 = Release|Any CPU
		{7CA147D4-EA46-482C-A85E-C5506F633BA0}.Debug|Any CPU.ActiveCfg = Debug|Any CPU
		{7CA147D4-EA46-482C-A85E-C5506F633BA0}.Debug|Any CPU.Build.0 = Debug|Any CPU
		{7CA147D4-EA46-482C-A85E-C5506F633BA0}.Release|Any CPU.ActiveCfg = Release|Any CPU
		{7CA147D4-EA46-482C-A85E-C5506F633BA0}.Release|Any CPU.Build.0 = Release|Any CPU
		{DB6D385B-79C1-43A4-855B-96015453F40A}.Debug|Any CPU.ActiveCfg = Debug|Any CPU
		{DB6D385B-79C1-43A4-855B-96015453F40A}.Debug|Any CPU.Build.0 = Debug|Any CPU
		{DB6D385B-79C1-43A4-855B-96015453F40A}.Release|Any CPU.ActiveCfg = Release|Any CPU
		{DB6D385B-79C1-43A4-855B-96015453F40A}.Release|Any CPU.Build.0 = Release|Any CPU
		{8C7753E8-DB0D-42AD-A664-2A2E1BFB927E}.Debug|Any CPU.ActiveCfg = Debug|Any CPU
		{8C7753E8-DB0D-42AD-A664-2A2E1BFB927E}.Debug|Any CPU.Build.0 = Debug|Any CPU
		{8C7753E8-DB0D-42AD-A664-2A2E1BFB927E}.Release|Any CPU.ActiveCfg = Release|Any CPU
		{8C7753E8-DB0D-42AD-A664-2A2E1BFB927E}.Release|Any CPU.Build.0 = Release|Any CPU
	EndGlobalSection
	GlobalSection(SolutionProperties) = preSolution
		HideSolutionNode = FALSE
	EndGlobalSection
EndGlobal
